
Microsoft Visual Studio Solution File, Format Version 12.00
# Visual Studio Version 16
VisualStudioVersion = 16.0.30114.105
MinimumVisualStudioVersion = 10.0.40219.1
Project("{2150E333-8FDC-42A3-9474-1A3956D46DE8}") = "src", "src", "{C1220611-31E3-4F53-9D97-B263B235A5E3}"
EndProject
Project("{FAE04EC0-301F-11D3-BF4B-00C04F79EFBC}") = "GradeBook", "src\GradeBook\GradeBook.csproj", "{00CAF77E-FE96-4D54-9EF4-577718C0236B}"
EndProject
Project("{2150E333-8FDC-42A3-9474-1A3956D46DE8}") = "test", "test", "{DC0A3817-D5B0-48AA-8898-E609125A8D7E}"
EndProject
Project("{FAE04EC0-301F-11D3-BF4B-00C04F79EFBC}") = "GradeBook.Tests", "test\GradeBook.Tests\GradeBook.Tests.csproj", "{0047B394-3CFD-4663-BCE6-C1D230154F57}"
EndProject
Global
	GlobalSection(SolutionConfigurationPlatforms) = preSolution
		Debug|Any CPU = Debug|Any CPU
		Release|Any CPU = Release|Any CPU
	EndGlobalSection
	GlobalSection(SolutionProperties) = preSolution
		HideSolutionNode = FALSE
	EndGlobalSection
	GlobalSection(ProjectConfigurationPlatforms) = postSolution
		{00CAF77E-FE96-4D54-9EF4-577718C0236B}.Debug|Any CPU.ActiveCfg = Debug|Any CPU
		{00CAF77E-FE96-4D54-9EF4-577718C0236B}.Debug|Any CPU.Build.0 = Debug|Any CPU
		{00CAF77E-FE96-4D54-9EF4-577718C0236B}.Release|Any CPU.ActiveCfg = Release|Any CPU
		{00CAF77E-FE96-4D54-9EF4-577718C0236B}.Release|Any CPU.Build.0 = Release|Any CPU
		{0047B394-3CFD-4663-BCE6-C1D230154F57}.Debug|Any CPU.ActiveCfg = Debug|Any CPU
		{0047B394-3CFD-4663-BCE6-C1D230154F57}.Debug|Any CPU.Build.0 = Debug|Any CPU
		{0047B394-3CFD-4663-BCE6-C1D230154F57}.Release|Any CPU.ActiveCfg = Release|Any CPU
		{0047B394-3CFD-4663-BCE6-C1D230154F57}.Release|Any CPU.Build.0 = Release|Any CPU
	EndGlobalSection
	GlobalSection(NestedProjects) = preSolution
		{00CAF77E-FE96-4D54-9EF4-577718C0236B} = {C1220611-31E3-4F53-9D97-B263B235A5E3}
		{0047B394-3CFD-4663-BCE6-C1D230154F57} = {DC0A3817-D5B0-48AA-8898-E609125A8D7E}
	EndGlobalSection
EndGlobal
